
Microsoft Visual Studio Solution File, Format Version 12.00
# Visual Studio 15
VisualStudioVersion = 15.0.28010.2046
MinimumVisualStudioVersion = 10.0.40219.1
Project("{9A19103F-16F7-4668-BE54-9A1E7A4F7556}") = "CatalyaCMS.Infrastructure", "CatalyaCMS.Infrastructure\CatalyaCMS.Infrastructure.csproj", "{A2C6C118-CC58-4FEE-939B-9C1AD258D99E}"
EndProject
Project("{9A19103F-16F7-4668-BE54-9A1E7A4F7556}") = "CatalyaCMS.Api", "CatalyaCMS.Api\CatalyaCMS.Api.csproj", "{3BC99069-CFBC-4281-8F9F-893F33CC0FA6}"
EndProject
Project("{9A19103F-16F7-4668-BE54-9A1E7A4F7556}") = "CatalyaCMS.Domain", "CatalyaCMS.Domain\CatalyaCMS.Domain.csproj", "{BE27037D-7C98-48DF-AAF1-954E650A4D64}"
EndProject
Project("{FAE04EC0-301F-11D3-BF4B-00C04F79EFBC}") = "CatalyaCMS.Tests", "CatalyaCMS.Tests\CatalyaCMS.Tests.csproj", "{AC010F1B-6177-4263-808D-E488115539B4}"
EndProject
Global
	GlobalSection(SolutionConfigurationPlatforms) = preSolution
		Debug|Any CPU = Debug|Any CPU
		Release|Any CPU = Release|Any CPU
	EndGlobalSection
	GlobalSection(ProjectConfigurationPlatforms) = postSolution
		{A2C6C118-CC58-4FEE-939B-9C1AD258D99E}.Debug|Any CPU.ActiveCfg = Debug|Any CPU
		{A2C6C118-CC58-4FEE-939B-9C1AD258D99E}.Debug|Any CPU.Build.0 = Debug|Any CPU
		{A2C6C118-CC58-4FEE-939B-9C1AD258D99E}.Release|Any CPU.ActiveCfg = Release|Any CPU
		{A2C6C118-CC58-4FEE-939B-9C1AD258D99E}.Release|Any CPU.Build.0 = Release|Any CPU
		{3BC99069-CFBC-4281-8F9F-893F33CC0FA6}.Debug|Any CPU.ActiveCfg = Debug|Any CPU
		{3BC99069-CFBC-4281-8F9F-893F33CC0FA6}.Debug|Any CPU.Build.0 = Debug|Any CPU
		{3BC99069-CFBC-4281-8F9F-893F33CC0FA6}.Release|Any CPU.ActiveCfg = Release|Any CPU
		{3BC99069-CFBC-4281-8F9F-893F33CC0FA6}.Release|Any CPU.Build.0 = Release|Any CPU
		{BE27037D-7C98-48DF-AAF1-954E650A4D64}.Debug|Any CPU.ActiveCfg = Debug|Any CPU
		{BE27037D-7C98-48DF-AAF1-954E650A4D64}.Debug|Any CPU.Build.0 = Debug|Any CPU
		{BE27037D-7C98-48DF-AAF1-954E650A4D64}.Release|Any CPU.ActiveCfg = Release|Any CPU
		{BE27037D-7C98-48DF-AAF1-954E650A4D64}.Release|Any CPU.Build.0 = Release|Any CPU
		{AC010F1B-6177-4263-808D-E488115539B4}.Debug|Any CPU.ActiveCfg = Debug|Any CPU
		{AC010F1B-6177-4263-808D-E488115539B4}.Debug|Any CPU.Build.0 = Debug|Any CPU
		{AC010F1B-6177-4263-808D-E488115539B4}.Release|Any CPU.ActiveCfg = Release|Any CPU
		{AC010F1B-6177-4263-808D-E488115539B4}.Release|Any CPU.Build.0 = Release|Any CPU
	EndGlobalSection
	GlobalSection(SolutionProperties) = preSolution
		HideSolutionNode = FALSE
	EndGlobalSection
	GlobalSection(ExtensibilityGlobals) = postSolution
		SolutionGuid = {6C43CCA2-B50D-4FD9-BBE6-0E696AEEBB92}
	EndGlobalSection
EndGlobal
